{
  "nodes": {
    "home-manager": {
      "inputs": {
        "nixpkgs": [
          "nixpkgs"
        ]
      },
      "locked": {
        "lastModified": 1716310460,
        "narHash": "sha256-NOWH2nZPNv4Ca9amiKSq8M8+ifJobq29BT0EqhfJ78c=",
        "ref": "refs/heads/master",
        "rev": "c78ae4b4474cd7e7b2894a151d6d12776d3c8056",
        "revCount": 3554,
        "type": "git",
        "url": "file:///home/matz/devel/home-manager"
      },
      "original": {
        "type": "git",
        "url": "file:///home/matz/devel/home-manager"
      }
    },
    "nixpkgs": {
      "locked": {
        "lastModified": 1716509168,
        "narHash": "sha256-4zSIhSRRIoEBwjbPm3YiGtbd8HDWzFxJjw5DYSDy1n8=",
        "owner": "nixos",
        "repo": "nixpkgs",
        "rev": "bfb7a882678e518398ce9a31a881538679f6f092",
        "type": "github"
      },
      "original": {
        "owner": "nixos",
        "ref": "nixos-unstable",
        "repo": "nixpkgs",
        "type": "github"
      }
    },
    "nixpkgs_2": {
      "locked": {
        "lastModified": 1716330097,
        "narHash": "sha256-8BO3B7e3BiyIDsaKA0tY8O88rClYRTjvAp66y+VBUeU=",
        "owner": "nixos",
        "repo": "nixpkgs",
        "rev": "5710852ba686cc1fd0d3b8e22b3117d43ba374c2",
        "type": "github"
      },
      "original": {
        "owner": "nixos",
        "ref": "nixos-unstable",
        "repo": "nixpkgs",
        "type": "github"
      }
    },
    "root": {
      "inputs": {
        "home-manager": "home-manager",
        "nixpkgs": "nixpkgs",
        "touchpadctl": "touchpadctl"
      }
    },
    "touchpadctl": {
      "inputs": {
        "nixpkgs": "nixpkgs_2"
      },
      "locked": {
        "lastModified": 1716925088,
        "narHash": "sha256-mTzxc61NPIgr8FmOcoVj9oJNL1dWBJzSTQRjAaW9+40=",
        "owner": "m472",
        "repo": "touchpadctl",
        "rev": "20a23e4ca75a7015b9dc7cf4efd9a8a588e360b4",
        "type": "github"
      },
      "original": {
        "owner": "m472",
        "repo": "touchpadctl",
        "type": "github"
      }
    }
  },
  "root": "root",
  "version": 7
}
